{
  "requires": true,
  "lockfileVersion": 1,
  "dependencies": {
    "vuex": {
      "version": "3.6.0",
      "resolved": "https://registry.npmjs.org/vuex/-/vuex-3.6.0.tgz",
      "integrity": "sha512-W74OO2vCJPs9/YjNjW8lLbj+jzT24waTo2KShI8jLvJW8OaIkgb3wuAMA7D+ZiUxDOx3ubwSZTaJBip9G8a3aQ=="
    }
  }
}
